
Microsoft Visual Studio Solution File, Format Version 12.00
# Visual Studio 15
VisualStudioVersion = 15.0.26730.12
MinimumVisualStudioVersion = 10.0.40219.1
Project("{8BC9CEB8-8B4A-11D0-8D11-00A0C91BC942}") = "Server", "Server\Server.vcxproj", "{24E1F1D5-8143-466B-908E-7F878864DFD6}"
EndProject
Project("{8BC9CEB8-8B4A-11D0-8D11-00A0C91BC942}") = "Client", "Client\Client.vcxproj", "{75A8BD56-B160-4038-AC00-2817A8EF14AA}"
EndProject
Project("{8BC9CEB8-8B4A-11D0-8D11-00A0C91BC942}") = "P2P", "P2P\P2P.vcxproj", "{AA5713E0-D8F1-46A2-9027-CA0B2B12685B}"
EndProject
Project("{8BC9CEB8-8B4A-11D0-8D11-00A0C91BC942}") = "BootstrapServer", "BootstrapServer\BootstrapServer.vcxproj", "{49199395-4BD9-4AC2-B00B-B941CA834D6C}"
EndProject
Global
	GlobalSection(SolutionConfigurationPlatforms) = preSolution
		Debug|x64 = Debug|x64
		Debug|x86 = Debug|x86
		Release|x64 = Release|x64
		Release|x86 = Release|x86
	EndGlobalSection
	GlobalSection(ProjectConfigurationPlatforms) = postSolution
		{24E1F1D5-8143-466B-908E-7F878864DFD6}.Debug|x64.ActiveCfg = Debug|x64
		{24E1F1D5-8143-466B-908E-7F878864DFD6}.Debug|x64.Build.0 = Debug|x64
		{24E1F1D5-8143-466B-908E-7F878864DFD6}.Debug|x86.ActiveCfg = Debug|Win32
		{24E1F1D5-8143-466B-908E-7F878864DFD6}.Debug|x86.Build.0 = Debug|Win32
		{24E1F1D5-8143-466B-908E-7F878864DFD6}.Release|x64.ActiveCfg = Release|x64
		{24E1F1D5-8143-466B-908E-7F878864DFD6}.Release|x64.Build.0 = Release|x64
		{24E1F1D5-8143-466B-908E-7F878864DFD6}.Release|x86.ActiveCfg = Release|Win32
		{24E1F1D5-8143-466B-908E-7F878864DFD6}.Release|x86.Build.0 = Release|Win32
		{75A8BD56-B160-4038-AC00-2817A8EF14AA}.Debug|x64.ActiveCfg = Debug|x64
		{75A8BD56-B160-4038-AC00-2817A8EF14AA}.Debug|x64.Build.0 = Debug|x64
		{75A8BD56-B160-4038-AC00-2817A8EF14AA}.Debug|x86.ActiveCfg = Debug|Win32
		{75A8BD56-B160-4038-AC00-2817A8EF14AA}.Debug|x86.Build.0 = Debug|Win32
		{75A8BD56-B160-4038-AC00-2817A8EF14AA}.Release|x64.ActiveCfg = Release|x64
		{75A8BD56-B160-4038-AC00-2817A8EF14AA}.Release|x64.Build.0 = Release|x64
		{75A8BD56-B160-4038-AC00-2817A8EF14AA}.Release|x86.ActiveCfg = Release|Win32
		{75A8BD56-B160-4038-AC00-2817A8EF14AA}.Release|x86.Build.0 = Release|Win32
		{AA5713E0-D8F1-46A2-9027-CA0B2B12685B}.Debug|x64.ActiveCfg = Debug|x64
		{AA5713E0-D8F1-46A2-9027-CA0B2B12685B}.Debug|x64.Build.0 = Debug|x64
		{AA5713E0-D8F1-46A2-9027-CA0B2B12685B}.Debug|x86.ActiveCfg = Debug|Win32
		{AA5713E0-D8F1-46A2-9027-CA0B2B12685B}.Debug|x86.Build.0 = Debug|Win32
		{AA5713E0-D8F1-46A2-9027-CA0B2B12685B}.Release|x64.ActiveCfg = Release|x64
		{AA5713E0-D8F1-46A2-9027-CA0B2B12685B}.Release|x64.Build.0 = Release|x64
		{AA5713E0-D8F1-46A2-9027-CA0B2B12685B}.Release|x86.ActiveCfg = Release|Win32
		{AA5713E0-D8F1-46A2-9027-CA0B2B12685B}.Release|x86.Build.0 = Release|Win32
		{49199395-4BD9-4AC2-B00B-B941CA834D6C}.Debug|x64.ActiveCfg = Debug|x64
		{49199395-4BD9-4AC2-B00B-B941CA834D6C}.Debug|x64.Build.0 = Debug|x64
		{49199395-4BD9-4AC2-B00B-B941CA834D6C}.Debug|x86.ActiveCfg = Debug|Win32
		{49199395-4BD9-4AC2-B00B-B941CA834D6C}.Debug|x86.Build.0 = Debug|Win32
		{49199395-4BD9-4AC2-B00B-B941CA834D6C}.Release|x64.ActiveCfg = Release|x64
		{49199395-4BD9-4AC2-B00B-B941CA834D6C}.Release|x64.Build.0 = Release|x64
		{49199395-4BD9-4AC2-B00B-B941CA834D6C}.Release|x86.ActiveCfg = Release|Win32
		{49199395-4BD9-4AC2-B00B-B941CA834D6C}.Release|x86.Build.0 = Release|Win32
	EndGlobalSection
	GlobalSection(SolutionProperties) = preSolution
		HideSolutionNode = FALSE
	EndGlobalSection
	GlobalSection(ExtensibilityGlobals) = postSolution
		SolutionGuid = {745359BB-4B0B-4A8A-8F62-B895DE68346E}
	EndGlobalSection
EndGlobal
